
Microsoft Visual Studio Solution File, Format Version 12.00
# Visual Studio Version 17
VisualStudioVersion = 17.14.36119.2
MinimumVisualStudioVersion = 10.0.40219.1
Project("{FAE04EC0-301F-11D3-BF4B-00C04F79EFBC}") = "mod", "mod\mod.csproj", "{72A3F4E1-2605-4E74-8BD9-BCAF89655811}"
EndProject
Project("{FAE04EC0-301F-11D3-BF4B-00C04F79EFBC}") = "Mod.Tests", "Mod.Tests\Mod.Tests.csproj", "{E4B160E1-D75F-4825-9161-05F5B5FA48DC}"
EndProject
Global
	GlobalSection(SolutionConfigurationPlatforms) = preSolution
		Debug|Any CPU = Debug|Any CPU
		Release|Any CPU = Release|Any CPU
	EndGlobalSection
	GlobalSection(ProjectConfigurationPlatforms) = postSolution
		{72A3F4E1-2605-4E74-8BD9-BCAF89655811}.Debug|Any CPU.ActiveCfg = Debug|Any CPU
		{72A3F4E1-2605-4E74-8BD9-BCAF89655811}.Debug|Any CPU.Build.0 = Debug|Any CPU
		{72A3F4E1-2605-4E74-8BD9-BCAF89655811}.Release|Any CPU.ActiveCfg = Release|Any CPU
		{72A3F4E1-2605-4E74-8BD9-BCAF89655811}.Release|Any CPU.Build.0 = Release|Any CPU
		{E4B160E1-D75F-4825-9161-05F5B5FA48DC}.Debug|Any CPU.ActiveCfg = Debug|Any CPU
		{E4B160E1-D75F-4825-9161-05F5B5FA48DC}.Debug|Any CPU.Build.0 = Debug|Any CPU
		{E4B160E1-D75F-4825-9161-05F5B5FA48DC}.Release|Any CPU.ActiveCfg = Release|Any CPU
		{E4B160E1-D75F-4825-9161-05F5B5FA48DC}.Release|Any CPU.Build.0 = Release|Any CPU
	EndGlobalSection
	GlobalSection(SolutionProperties) = preSolution
		HideSolutionNode = FALSE
	EndGlobalSection
	GlobalSection(ExtensibilityGlobals) = postSolution
		SolutionGuid = {9780C2D2-1711-4CB8-9880-97F71849CAE1}
	EndGlobalSection
EndGlobal
